
Microsoft Visual Studio Solution File, Format Version 12.00
Project("{FAE04EC0-301F-11D3-BF4B-00C04F79EFBC}") = "TaskmanAPI", "TaskmanAPI.csproj", "{8A5367CC-EE14-4B61-9660-5329C67B8DB1}"
EndProject
Project("{2150E333-8FDC-42A3-9474-1A3956D46DE8}") = "Solution Items", "Solution Items", "{70D8DD07-480B-47E5-8A04-F3C83604A26D}"
	ProjectSection(SolutionItems) = preProject
		docker-compose.yml = docker-compose.yml
	EndProjectSection
EndProject
Project("{FAE04EC0-301F-11D3-BF4B-00C04F79EFBC}") = "Taskman.Tests", "Taskman.Tests\Taskman.Tests.csproj", "{0BD927F0-678E-4F7A-9500-BD5A44779200}"
EndProject
Global
	GlobalSection(SolutionConfigurationPlatforms) = preSolution
		Debug|Any CPU = Debug|Any CPU
		Release|Any CPU = Release|Any CPU
	EndGlobalSection
	GlobalSection(ProjectConfigurationPlatforms) = postSolution
		{8A5367CC-EE14-4B61-9660-5329C67B8DB1}.Debug|Any CPU.ActiveCfg = Debug|Any CPU
		{8A5367CC-EE14-4B61-9660-5329C67B8DB1}.Debug|Any CPU.Build.0 = Debug|Any CPU
		{8A5367CC-EE14-4B61-9660-5329C67B8DB1}.Release|Any CPU.ActiveCfg = Release|Any CPU
		{8A5367CC-EE14-4B61-9660-5329C67B8DB1}.Release|Any CPU.Build.0 = Release|Any CPU
		{0BD927F0-678E-4F7A-9500-BD5A44779200}.Debug|Any CPU.ActiveCfg = Debug|Any CPU
		{0BD927F0-678E-4F7A-9500-BD5A44779200}.Debug|Any CPU.Build.0 = Debug|Any CPU
		{0BD927F0-678E-4F7A-9500-BD5A44779200}.Release|Any CPU.ActiveCfg = Release|Any CPU
		{0BD927F0-678E-4F7A-9500-BD5A44779200}.Release|Any CPU.Build.0 = Release|Any CPU
	EndGlobalSection
EndGlobal
